// !$*UTF8*$!
{
	archiveVersion = 1;
	classes = {
	};
	objectVersion = 77;
	objects = {

/* Begin PBXBuildFile section */
		020236122782B809F5544571 /* Kompressor.framework in Frameworks */ = {isa = PBXBuildFile; fileRef = 10F9778625469549BBB0DB6E /* Kompressor.framework */; };
		2A6AA109C4380E60988D0606 /* Kompressor.framework in Embed Frameworks */ = {isa = PBXBuildFile; fileRef = 10F9778625469549BBB0DB6E /* Kompressor.framework */; settings = {ATTRIBUTES = (CodeSignOnCopy, RemoveHeadersOnCopy, ); }; };
		5251CD2AAFFA0567109D92A6 /* Surround71Tests.swift in Sources */ = {isa = PBXBuildFile; fileRef = CD8A6B65BCE014598DAE2725 /* Surround71Tests.swift */; };
		62CF6940CC52A397AB4AC7C3 /* Kompressor.framework in Frameworks */ = {isa = PBXBuildFile; fileRef = 10F9778625469549BBB0DB6E /* Kompressor.framework */; };
		636BD3BD1E54601C3FE16E9A /* AppDelegate.swift in Sources */ = {isa = PBXBuildFile; fileRef = C011A43613012295F8EC5F19 /* AppDelegate.swift */; };
		763D4F9AF6FFE074501B8D38 /* Surround51Tests.swift in Sources */ = {isa = PBXBuildFile; fileRef = A72C714C6D5411483A6D5AE9 /* Surround51Tests.swift */; };
		80B2A09E1DC5CDA2D3376B75 /* WavFixture.swift in Sources */ = {isa = PBXBuildFile; fileRef = 25C8DF6CCAA1521FB595B5FB /* WavFixture.swift */; };
		8D55578899A468B4C92BCEEE /* Hdr10ExportTests.swift in Sources */ = {isa = PBXBuildFile; fileRef = 52A0C715348FD1DA1B025C3B /* Hdr10ExportTests.swift */; };
		98BE3DC59F5DA88D1AF8AA69 /* Kompressor.framework in Embed Frameworks */ = {isa = PBXBuildFile; fileRef = 10F9778625469549BBB0DB6E /* Kompressor.framework */; settings = {ATTRIBUTES = (CodeSignOnCopy, RemoveHeadersOnCopy, ); }; };
		A5A036A879E1F2C5A49D3266 /* Mp4Fixture.swift in Sources */ = {isa = PBXBuildFile; fileRef = E3BBA782AA1E907232F3FE71 /* Mp4Fixture.swift */; };
		AC543423919C4F39441970E8 /* NoOpProgress.swift in Sources */ = {isa = PBXBuildFile; fileRef = BC7FDF387C3F0579ED5B550B /* NoOpProgress.swift */; };
/* End PBXBuildFile section */

/* Begin PBXContainerItemProxy section */
		BD8493DD98C2622D1A9886E0 /* PBXContainerItemProxy */ = {
			isa = PBXContainerItemProxy;
			containerPortal = 9031F492E555F82C8E895222 /* Project object */;
			proxyType = 1;
			remoteGlobalIDString = 66E31AFCCA8862C4DB359E48;
			remoteInfo = SmokeTestHost;
		};
/* End PBXContainerItemProxy section */

/* Begin PBXCopyFilesBuildPhase section */
		67C62BA05E4A3D9DB7E8A112 /* Embed Frameworks */ = {
			isa = PBXCopyFilesBuildPhase;
			buildActionMask = 2147483647;
			dstPath = "";
			dstSubfolderSpec = 10;
			files = (
				2A6AA109C4380E60988D0606 /* Kompressor.framework in Embed Frameworks */,
			);
			name = "Embed Frameworks";
			runOnlyForDeploymentPostprocessing = 0;
		};
		8EF4075FA9FD36B978AE0A50 /* Embed Frameworks */ = {
			isa = PBXCopyFilesBuildPhase;
			buildActionMask = 2147483647;
			dstPath = "";
			dstSubfolderSpec = 10;
			files = (
				98BE3DC59F5DA88D1AF8AA69 /* Kompressor.framework in Embed Frameworks */,
			);
			name = "Embed Frameworks";
			runOnlyForDeploymentPostprocessing = 0;
		};
/* End PBXCopyFilesBuildPhase section */

/* Begin PBXFileReference section */
		10F9778625469549BBB0DB6E /* Kompressor.framework */ = {isa = PBXFileReference; lastKnownFileType = wrapper.framework; name = Kompressor.framework; path = ../kompressor/build/bin/iosArm64/releaseFramework/Kompressor.framework; sourceTree = "<group>"; };
		25C8DF6CCAA1521FB595B5FB /* WavFixture.swift */ = {isa = PBXFileReference; lastKnownFileType = sourcecode.swift; path = WavFixture.swift; sourceTree = "<group>"; };
		52A0C715348FD1DA1B025C3B /* Hdr10ExportTests.swift */ = {isa = PBXFileReference; lastKnownFileType = sourcecode.swift; path = Hdr10ExportTests.swift; sourceTree = "<group>"; };
		A72C714C6D5411483A6D5AE9 /* Surround51Tests.swift */ = {isa = PBXFileReference; lastKnownFileType = sourcecode.swift; path = Surround51Tests.swift; sourceTree = "<group>"; };
		BC7FDF387C3F0579ED5B550B /* NoOpProgress.swift */ = {isa = PBXFileReference; lastKnownFileType = sourcecode.swift; path = NoOpProgress.swift; sourceTree = "<group>"; };
		C011A43613012295F8EC5F19 /* AppDelegate.swift */ = {isa = PBXFileReference; lastKnownFileType = sourcecode.swift; path = AppDelegate.swift; sourceTree = "<group>"; };
		CD8A6B65BCE014598DAE2725 /* Surround71Tests.swift */ = {isa = PBXFileReference; lastKnownFileType = sourcecode.swift; path = Surround71Tests.swift; sourceTree = "<group>"; };
		D2BD038DA9E9D0E95FF4494B /* SmokeTestHost.app */ = {isa = PBXFileReference; includeInIndex = 0; lastKnownFileType = wrapper.application; path = SmokeTestHost.app; sourceTree = BUILT_PRODUCTS_DIR; };
		D2E9148C7DBA28F22060115B /* SmokeTests.xctest */ = {isa = PBXFileReference; includeInIndex = 0; lastKnownFileType = wrapper.cfbundle; path = SmokeTests.xctest; sourceTree = BUILT_PRODUCTS_DIR; };
		D34F2997A3B301CC3B2871FC /* Info.plist */ = {isa = PBXFileReference; lastKnownFileType = text.plist; path = Info.plist; sourceTree = "<group>"; };
		E3BBA782AA1E907232F3FE71 /* Mp4Fixture.swift */ = {isa = PBXFileReference; lastKnownFileType = sourcecode.swift; path = Mp4Fixture.swift; sourceTree = "<group>"; };
		FC39256DDF8C88719396159D /* Info.plist */ = {isa = PBXFileReference; lastKnownFileType = text.plist; path = Info.plist; sourceTree = "<group>"; };
/* End PBXFileReference section */

/* Begin PBXFrameworksBuildPhase section */
		05D1E2B74C6AF56D843A8137 /* Frameworks */ = {
			isa = PBXFrameworksBuildPhase;
			buildActionMask = 2147483647;
			files = (
				62CF6940CC52A397AB4AC7C3 /* Kompressor.framework in Frameworks */,
			);
			runOnlyForDeploymentPostprocessing = 0;
		};
		B4DC6C5F9DE5F97E2223352C /* Frameworks */ = {
			isa = PBXFrameworksBuildPhase;
			buildActionMask = 2147483647;
			files = (
				020236122782B809F5544571 /* Kompressor.framework in Frameworks */,
			);
			runOnlyForDeploymentPostprocessing = 0;
		};
/* End PBXFrameworksBuildPhase section */

/* Begin PBXGroup section */
		3F37AA72C168F88F5B623BE1 /* App */ = {
			isa = PBXGroup;
			children = (
				C011A43613012295F8EC5F19 /* AppDelegate.swift */,
				D34F2997A3B301CC3B2871FC /* Info.plist */,
			);
			path = App;
			sourceTree = "<group>";
		};
		6CF69424B0688813C2C737EF = {
			isa = PBXGroup;
			children = (
				3F37AA72C168F88F5B623BE1 /* App */,
				9B7F6F552449B57D605B8CC3 /* Tests */,
				9B5B468C4787C146C986E2D6 /* Frameworks */,
				C04064628DE75501B6A412B8 /* Products */,
			);
			sourceTree = "<group>";
		};
		9B5B468C4787C146C986E2D6 /* Frameworks */ = {
			isa = PBXGroup;
			children = (
				10F9778625469549BBB0DB6E /* Kompressor.framework */,
			);
			name = Frameworks;
			sourceTree = "<group>";
		};
		9B7F6F552449B57D605B8CC3 /* Tests */ = {
			isa = PBXGroup;
			children = (
				52A0C715348FD1DA1B025C3B /* Hdr10ExportTests.swift */,
				FC39256DDF8C88719396159D /* Info.plist */,
				E3BBA782AA1E907232F3FE71 /* Mp4Fixture.swift */,
				BC7FDF387C3F0579ED5B550B /* NoOpProgress.swift */,
				A72C714C6D5411483A6D5AE9 /* Surround51Tests.swift */,
				CD8A6B65BCE014598DAE2725 /* Surround71Tests.swift */,
				25C8DF6CCAA1521FB595B5FB /* WavFixture.swift */,
			);
			path = Tests;
			sourceTree = "<group>";
		};
		C04064628DE75501B6A412B8 /* Products */ = {
			isa = PBXGroup;
			children = (
				D2BD038DA9E9D0E95FF4494B /* SmokeTestHost.app */,
				D2E9148C7DBA28F22060115B /* SmokeTests.xctest */,
			);
			name = Products;
			sourceTree = "<group>";
		};
/* End PBXGroup section */

/* Begin PBXNativeTarget section */
		66E31AFCCA8862C4DB359E48 /* SmokeTestHost */ = {
			isa = PBXNativeTarget;
			buildConfigurationList = E55FD36FB971E9F74018DF27 /* Build configuration list for PBXNativeTarget "SmokeTestHost" */;
			buildPhases = (
				0DFDC255F9BC84DF9528CDFF /* Sources */,
				B4DC6C5F9DE5F97E2223352C /* Frameworks */,
				8EF4075FA9FD36B978AE0A50 /* Embed Frameworks */,
			);
			buildRules = (
			);
			dependencies = (
			);
			name = SmokeTestHost;
			packageProductDependencies = (
			);
			productName = SmokeTestHost;
			productReference = D2BD038DA9E9D0E95FF4494B /* SmokeTestHost.app */;
			productType = "com.apple.product-type.application";
		};
		A32A47BCA0A44806964F60BA /* SmokeTests */ = {
			isa = PBXNativeTarget;
			buildConfigurationList = 37B02D1F42B361841F0AF072 /* Build configuration list for PBXNativeTarget "SmokeTests" */;
			buildPhases = (
				323D6FB8279E399DEC57AD49 /* Sources */,
				05D1E2B74C6AF56D843A8137 /* Frameworks */,
				67C62BA05E4A3D9DB7E8A112 /* Embed Frameworks */,
			);
			buildRules = (
			);
			dependencies = (
				AC2357340698334A46859783 /* PBXTargetDependency */,
			);
			name = SmokeTests;
			packageProductDependencies = (
			);
			productName = SmokeTests;
			productReference = D2E9148C7DBA28F22060115B /* SmokeTests.xctest */;
			productType = "com.apple.product-type.bundle.unit-test";
		};
/* End PBXNativeTarget section */

/* Begin PBXProject section */
		9031F492E555F82C8E895222 /* Project object */ = {
			isa = PBXProject;
			attributes = {
				BuildIndependentTargetsInParallel = YES;
				LastUpgradeCheck = 1600;
				TargetAttributes = {
				};
			};
			buildConfigurationList = 638C37DE8CBC03921F7EE3C9 /* Build configuration list for PBXProject "KompressorDeviceSmokeTests" */;
			developmentRegion = en;
			hasScannedForEncodings = 0;
			knownRegions = (
				Base,
				en,
			);
			mainGroup = 6CF69424B0688813C2C737EF;
			minimizedProjectReferenceProxies = 1;
			preferredProjectObjectVersion = 77;
			productRefGroup = C04064628DE75501B6A412B8 /* Products */;
			projectDirPath = "";
			projectRoot = "";
			targets = (
				66E31AFCCA8862C4DB359E48 /* SmokeTestHost */,
				A32A47BCA0A44806964F60BA /* SmokeTests */,
			);
		};
/* End PBXProject section */

/* Begin PBXSourcesBuildPhase section */
		0DFDC255F9BC84DF9528CDFF /* Sources */ = {
			isa = PBXSourcesBuildPhase;
			buildActionMask = 2147483647;
			files = (
				636BD3BD1E54601C3FE16E9A /* AppDelegate.swift in Sources */,
			);
			runOnlyForDeploymentPostprocessing = 0;
		};
		323D6FB8279E399DEC57AD49 /* Sources */ = {
			isa = PBXSourcesBuildPhase;
			buildActionMask = 2147483647;
			files = (
				8D55578899A468B4C92BCEEE /* Hdr10ExportTests.swift in Sources */,
				A5A036A879E1F2C5A49D3266 /* Mp4Fixture.swift in Sources */,
				AC543423919C4F39441970E8 /* NoOpProgress.swift in Sources */,
				763D4F9AF6FFE074501B8D38 /* Surround51Tests.swift in Sources */,
				5251CD2AAFFA0567109D92A6 /* Surround71Tests.swift in Sources */,
				80B2A09E1DC5CDA2D3376B75 /* WavFixture.swift in Sources */,
			);
			runOnlyForDeploymentPostprocessing = 0;
		};
/* End PBXSourcesBuildPhase section */

/* Begin PBXTargetDependency section */
		AC2357340698334A46859783 /* PBXTargetDependency */ = {
			isa = PBXTargetDependency;
			target = 66E31AFCCA8862C4DB359E48 /* SmokeTestHost */;
			targetProxy = BD8493DD98C2622D1A9886E0 /* PBXContainerItemProxy */;
		};
/* End PBXTargetDependency section */

/* Begin XCBuildConfiguration section */
		3BB39A99E780CEEF094655B6 /* Debug */ = {
			isa = XCBuildConfiguration;
			buildSettings = {
				ASSETCATALOG_COMPILER_APPICON_NAME = AppIcon;
				CODE_SIGNING_REQUIRED = YES;
				CODE_SIGN_IDENTITY = "iPhone Developer";
				FRAMEWORK_SEARCH_PATHS = (
					"$(inherited)",
					"\"../kompressor/build/bin/iosArm64/releaseFramework\"",
				);
				INFOPLIST_FILE = App/Info.plist;
				LD_RUNPATH_SEARCH_PATHS = (
					"$(inherited)",
					"@executable_path/Frameworks",
				);
				PRODUCT_BUNDLE_IDENTIFIER = co.crackn.kompressor.smoketesthost;
				SDKROOT = iphoneos;
				TARGETED_DEVICE_FAMILY = "1,2";
			};
			name = Debug;
		};
		400B9F5F24C6F2DDED063F28 /* Release */ = {
			isa = XCBuildConfiguration;
			buildSettings = {
				ALWAYS_SEARCH_USER_PATHS = NO;
				CLANG_ANALYZER_NONNULL = YES;
				CLANG_ANALYZER_NUMBER_OBJECT_CONVERSION = YES_AGGRESSIVE;
				CLANG_CXX_LANGUAGE_STANDARD = "gnu++14";
				CLANG_CXX_LIBRARY = "libc++";
				CLANG_ENABLE_MODULES = YES;
				CLANG_ENABLE_OBJC_ARC = YES;
				CLANG_ENABLE_OBJC_WEAK = YES;
				CLANG_WARN_BLOCK_CAPTURE_AUTORELEASING = YES;
				CLANG_WARN_BOOL_CONVERSION = YES;
				CLANG_WARN_COMMA = YES;
				CLANG_WARN_CONSTANT_CONVERSION = YES;
				CLANG_WARN_DEPRECATED_OBJC_IMPLEMENTATIONS = YES;
				CLANG_WARN_DIRECT_OBJC_ISA_USAGE = YES_ERROR;
				CLANG_WARN_DOCUMENTATION_COMMENTS = YES;
				CLANG_WARN_EMPTY_BODY = YES;
				CLANG_WARN_ENUM_CONVERSION = YES;
				CLANG_WARN_INFINITE_RECURSION = YES;
				CLANG_WARN_INT_CONVERSION = YES;
				CLANG_WARN_NON_LITERAL_NULL_CONVERSION = YES;
				CLANG_WARN_OBJC_IMPLICIT_RETAIN_SELF = YES;
				CLANG_WARN_OBJC_LITERAL_CONVERSION = YES;
				CLANG_WARN_OBJC_ROOT_CLASS = YES_ERROR;
				CLANG_WARN_QUOTED_INCLUDE_IN_FRAMEWORK_HEADER = YES;
				CLANG_WARN_RANGE_LOOP_ANALYSIS = YES;
				CLANG_WARN_STRICT_PROTOTYPES = YES;
				CLANG_WARN_SUSPICIOUS_MOVE = YES;
				CLANG_WARN_UNGUARDED_AVAILABILITY = YES_AGGRESSIVE;
				CLANG_WARN_UNREACHABLE_CODE = YES;
				CLANG_WARN__DUPLICATE_METHOD_MATCH = YES;
				COPY_PHASE_STRIP = NO;
				DEBUG_INFORMATION_FORMAT = "dwarf-with-dsym";
				ENABLE_NS_ASSERTIONS = NO;
				ENABLE_STRICT_OBJC_MSGSEND = YES;
				GCC_C_LANGUAGE_STANDARD = gnu11;
				GCC_NO_COMMON_BLOCKS = YES;
				GCC_WARN_64_TO_32_BIT_CONVERSION = YES;
				GCC_WARN_ABOUT_RETURN_TYPE = YES_ERROR;
				GCC_WARN_UNDECLARED_SELECTOR = YES;
				GCC_WARN_UNINITIALIZED_AUTOS = YES_AGGRESSIVE;
				GCC_WARN_UNUSED_FUNCTION = YES;
				GCC_WARN_UNUSED_VARIABLE = YES;
				IPHONEOS_DEPLOYMENT_TARGET = 15.0;
				MTL_ENABLE_DEBUG_INFO = NO;
				MTL_FAST_MATH = YES;
				PRODUCT_NAME = "$(TARGET_NAME)";
				SDKROOT = iphoneos;
				SWIFT_COMPILATION_MODE = wholemodule;
				SWIFT_OPTIMIZATION_LEVEL = "-O";
				SWIFT_VERSION = 5.10;
			};
			name = Release;
		};
		8B23239EF3C4B0554521AD80 /* Release */ = {
			isa = XCBuildConfiguration;
			buildSettings = {
				BUNDLE_LOADER = "$(TEST_HOST)";
				FRAMEWORK_SEARCH_PATHS = (
					"$(inherited)",
					"\"../kompressor/build/bin/iosArm64/releaseFramework\"",
				);
				INFOPLIST_FILE = Tests/Info.plist;
				LD_RUNPATH_SEARCH_PATHS = (
					"$(inherited)",
					"@executable_path/Frameworks",
					"@loader_path/Frameworks",
				);
				PRODUCT_BUNDLE_IDENTIFIER = co.crackn.kompressor.smoketests;
				SDKROOT = iphoneos;
				TARGETED_DEVICE_FAMILY = "1,2";
				TEST_HOST = "$(BUILT_PRODUCTS_DIR)/SmokeTestHost.app/SmokeTestHost";
			};
			name = Release;
		};
		950ABCDEC8C4B95A16F6379D /* Release */ = {
			isa = XCBuildConfiguration;
			buildSettings = {
				ASSETCATALOG_COMPILER_APPICON_NAME = AppIcon;
				CODE_SIGNING_REQUIRED = YES;
				CODE_SIGN_IDENTITY = "iPhone Developer";
				FRAMEWORK_SEARCH_PATHS = (
					"$(inherited)",
					"\"../kompressor/build/bin/iosArm64/releaseFramework\"",
				);
				INFOPLIST_FILE = App/Info.plist;
				LD_RUNPATH_SEARCH_PATHS = (
					"$(inherited)",
					"@executable_path/Frameworks",
				);
				PRODUCT_BUNDLE_IDENTIFIER = co.crackn.kompressor.smoketesthost;
				SDKROOT = iphoneos;
				TARGETED_DEVICE_FAMILY = "1,2";
			};
			name = Release;
		};
		B3359A6E128C49A9489EDA9C /* Debug */ = {
			isa = XCBuildConfiguration;
			buildSettings = {
				ALWAYS_SEARCH_USER_PATHS = NO;
				CLANG_ANALYZER_NONNULL = YES;
				CLANG_ANALYZER_NUMBER_OBJECT_CONVERSION = YES_AGGRESSIVE;
				CLANG_CXX_LANGUAGE_STANDARD = "gnu++14";
				CLANG_CXX_LIBRARY = "libc++";
				CLANG_ENABLE_MODULES = YES;
				CLANG_ENABLE_OBJC_ARC = YES;
				CLANG_ENABLE_OBJC_WEAK = YES;
				CLANG_WARN_BLOCK_CAPTURE_AUTORELEASING = YES;
				CLANG_WARN_BOOL_CONVERSION = YES;
				CLANG_WARN_COMMA = YES;
				CLANG_WARN_CONSTANT_CONVERSION = YES;
				CLANG_WARN_DEPRECATED_OBJC_IMPLEMENTATIONS = YES;
				CLANG_WARN_DIRECT_OBJC_ISA_USAGE = YES_ERROR;
				CLANG_WARN_DOCUMENTATION_COMMENTS = YES;
				CLANG_WARN_EMPTY_BODY = YES;
				CLANG_WARN_ENUM_CONVERSION = YES;
				CLANG_WARN_INFINITE_RECURSION = YES;
				CLANG_WARN_INT_CONVERSION = YES;
				CLANG_WARN_NON_LITERAL_NULL_CONVERSION = YES;
				CLANG_WARN_OBJC_IMPLICIT_RETAIN_SELF = YES;
				CLANG_WARN_OBJC_LITERAL_CONVERSION = YES;
				CLANG_WARN_OBJC_ROOT_CLASS = YES_ERROR;
				CLANG_WARN_QUOTED_INCLUDE_IN_FRAMEWORK_HEADER = YES;
				CLANG_WARN_RANGE_LOOP_ANALYSIS = YES;
				CLANG_WARN_STRICT_PROTOTYPES = YES;
				CLANG_WARN_SUSPICIOUS_MOVE = YES;
				CLANG_WARN_UNGUARDED_AVAILABILITY = YES_AGGRESSIVE;
				CLANG_WARN_UNREACHABLE_CODE = YES;
				CLANG_WARN__DUPLICATE_METHOD_MATCH = YES;
				COPY_PHASE_STRIP = NO;
				DEBUG_INFORMATION_FORMAT = dwarf;
				ENABLE_STRICT_OBJC_MSGSEND = YES;
				ENABLE_TESTABILITY = YES;
				GCC_C_LANGUAGE_STANDARD = gnu11;
				GCC_DYNAMIC_NO_PIC = NO;
				GCC_NO_COMMON_BLOCKS = YES;
				GCC_OPTIMIZATION_LEVEL = 0;
				GCC_PREPROCESSOR_DEFINITIONS = (
					"$(inherited)",
					"DEBUG=1",
				);
				GCC_WARN_64_TO_32_BIT_CONVERSION = YES;
				GCC_WARN_ABOUT_RETURN_TYPE = YES_ERROR;
				GCC_WARN_UNDECLARED_SELECTOR = YES;
				GCC_WARN_UNINITIALIZED_AUTOS = YES_AGGRESSIVE;
				GCC_WARN_UNUSED_FUNCTION = YES;
				GCC_WARN_UNUSED_VARIABLE = YES;
				IPHONEOS_DEPLOYMENT_TARGET = 15.0;
				MTL_ENABLE_DEBUG_INFO = INCLUDE_SOURCE;
				MTL_FAST_MATH = YES;
				ONLY_ACTIVE_ARCH = YES;
				PRODUCT_NAME = "$(TARGET_NAME)";
				SDKROOT = iphoneos;
				SWIFT_ACTIVE_COMPILATION_CONDITIONS = DEBUG;
				SWIFT_OPTIMIZATION_LEVEL = "-Onone";
				SWIFT_VERSION = 5.10;
			};
			name = Debug;
		};
		CF6BD35A684BC471E7D13027 /* Debug */ = {
			isa = XCBuildConfiguration;
			buildSettings = {
				BUNDLE_LOADER = "$(TEST_HOST)";
				FRAMEWORK_SEARCH_PATHS = (
					"$(inherited)",
					"\"../kompressor/build/bin/iosArm64/releaseFramework\"",
				);
				INFOPLIST_FILE = Tests/Info.plist;
				LD_RUNPATH_SEARCH_PATHS = (
					"$(inherited)",
					"@executable_path/Frameworks",
					"@loader_path/Frameworks",
				);
				PRODUCT_BUNDLE_IDENTIFIER = co.crackn.kompressor.smoketests;
				SDKROOT = iphoneos;
				TARGETED_DEVICE_FAMILY = "1,2";
				TEST_HOST = "$(BUILT_PRODUCTS_DIR)/SmokeTestHost.app/SmokeTestHost";
			};
			name = Debug;
		};
/* End XCBuildConfiguration section */

/* Begin XCConfigurationList section */
		37B02D1F42B361841F0AF072 /* Build configuration list for PBXNativeTarget "SmokeTests" */ = {
			isa = XCConfigurationList;
			buildConfigurations = (
				CF6BD35A684BC471E7D13027 /* Debug */,
				8B23239EF3C4B0554521AD80 /* Release */,
			);
			defaultConfigurationIsVisible = 0;
			defaultConfigurationName = Debug;
		};
		638C37DE8CBC03921F7EE3C9 /* Build configuration list for PBXProject "KompressorDeviceSmokeTests" */ = {
			isa = XCConfigurationList;
			buildConfigurations = (
				B3359A6E128C49A9489EDA9C /* Debug */,
				400B9F5F24C6F2DDED063F28 /* Release */,
			);
			defaultConfigurationIsVisible = 0;
			defaultConfigurationName = Debug;
		};
		E55FD36FB971E9F74018DF27 /* Build configuration list for PBXNativeTarget "SmokeTestHost" */ = {
			isa = XCConfigurationList;
			buildConfigurations = (
				3BB39A99E780CEEF094655B6 /* Debug */,
				950ABCDEC8C4B95A16F6379D /* Release */,
			);
			defaultConfigurationIsVisible = 0;
			defaultConfigurationName = Debug;
		};
/* End XCConfigurationList section */
	};
	rootObject = 9031F492E555F82C8E895222 /* Project object */;
}
